
Microsoft Visual Studio Solution File, Format Version 12.00
# Visual Studio Version 16
VisualStudioVersion = 16.0.32002.261
MinimumVisualStudioVersion = 10.0.40219.1
Project("{FAE04EC0-301F-11D3-BF4B-00C04F79EFBC}") = "salesWebMvc", "salesWebMvc\salesWebMvc.csproj", "{0E501140-EEB0-4D9F-BE19-0A0E8040684F}"
EndProject
Global
	GlobalSection(SolutionConfigurationPlatforms) = preSolution
		Debug|Any CPU = Debug|Any CPU
		Release|Any CPU = Release|Any CPU
	EndGlobalSection
	GlobalSection(ProjectConfigurationPlatforms) = postSolution
		{0E501140-EEB0-4D9F-BE19-0A0E8040684F}.Debug|Any CPU.ActiveCfg = Debug|Any CPU
		{0E501140-EEB0-4D9F-BE19-0A0E8040684F}.Debug|Any CPU.Build.0 = Debug|Any CPU
		{0E501140-EEB0-4D9F-BE19-0A0E8040684F}.Release|Any CPU.ActiveCfg = Release|Any CPU
		{0E501140-EEB0-4D9F-BE19-0A0E8040684F}.Release|Any CPU.Build.0 = Release|Any CPU
	EndGlobalSection
	GlobalSection(SolutionProperties) = preSolution
		HideSolutionNode = FALSE
	EndGlobalSection
	GlobalSection(ExtensibilityGlobals) = postSolution
		SolutionGuid = {60E21AA7-0AC9-4B1F-8F0D-D82375B782A1}
	EndGlobalSection
EndGlobal
